# THIS IS AN AUTOGENERATED FILE. DO NOT EDIT THIS FILE DIRECTLY.
# yarn lockfile v1


"@ciscospark/common-evented@1.29.4":
  version "1.29.4"
  resolved "https://registry.yarnpkg.com/@ciscospark/common-evented/-/common-evented-1.29.4.tgz#4d686295db9e00362fdf76bf6a951b9338a287d8"
  dependencies:
    "@ciscospark/common" "1.29.4"
    babel-runtime "^6.23.0"
    envify "^4.1.0"

"@ciscospark/common-timers@1.29.4":
  version "1.29.4"
  resolved "https://registry.yarnpkg.com/@ciscospark/common-timers/-/common-timers-1.29.4.tgz#735a05830abc1b00e92da12b22cafdd48a0e02cd"
  dependencies:
    envify "^4.1.0"

"@ciscospark/common@1.29.4":
  version "1.29.4"
  resolved "https://registry.yarnpkg.com/@ciscospark/common/-/common-1.29.4.tgz#da550a342bace7d18bcbccefa31836821e289204"
  dependencies:
    babel-runtime "^6.23.0"
    backoff "^2.5.0"
    core-decorators "^0.20.0"
    envify "^4.1.0"
    lodash "^4.17.4"
    urlsafe-base64 "^1.0.0"

"@ciscospark/http-core@1.29.4":
  version "1.29.4"
  resolved "https://registry.yarnpkg.com/@ciscospark/http-core/-/http-core-1.29.4.tgz#6ee4058039efa2c3102c0785a866759ffd2c652f"
  dependencies:
    "@ciscospark/common" "1.29.4"
    babel-runtime "^6.23.0"
    envify "^4.1.0"
    file-type "^3.9.0"
    global "^4.3.1"
    is-function "^1.0.1"
    lodash "^4.17.4"
    parse-headers "^2.0.1"
    qs "^6.5.1"
    request "^2.81.0"
    xtend "^4.0.1"

"@ciscospark/internal-plugin-feature@1.29.4":
  version "1.29.4"
  resolved "https://registry.yarnpkg.com/@ciscospark/internal-plugin-feature/-/internal-plugin-feature-1.29.4.tgz#ea8ae9a95ec69aaa1010f8eccfac96a3645b0fda"
  dependencies:
    "@ciscospark/internal-plugin-wdm" "1.29.4"
    "@ciscospark/spark-core" "1.29.4"
    babel-runtime "^6.23.0"
    envify "^4.1.0"
    lodash "^4.17.4"

"@ciscospark/internal-plugin-locus@1.29.4":
  version "1.29.4"
  resolved "https://registry.yarnpkg.com/@ciscospark/internal-plugin-locus/-/internal-plugin-locus-1.29.4.tgz#752c092231d0fd5652de6422e21c7c43dd22d762"
  dependencies:
    "@ciscospark/internal-plugin-mercury" "1.29.4"
    "@ciscospark/spark-core" "1.29.4"
    babel-runtime "^6.23.0"
    envify "^4.1.0"
    lodash "^4.17.4"
    uuid "^3.2.1"

"@ciscospark/internal-plugin-mercury@1.29.4":
  version "1.29.4"
  resolved "https://registry.yarnpkg.com/@ciscospark/internal-plugin-mercury/-/internal-plugin-mercury-1.29.4.tgz#9559364f91267ee870d4e5f66dc0d43b808d3899"
  dependencies:
    "@ciscospark/common" "1.29.4"
    "@ciscospark/common-timers" "1.29.4"
    "@ciscospark/internal-plugin-feature" "1.29.4"
    "@ciscospark/internal-plugin-metrics" "1.29.4"
    "@ciscospark/internal-plugin-wdm" "1.29.4"
    "@ciscospark/spark-core" "1.29.4"
    babel-runtime "^6.23.0"
    backoff "^2.5.0"
    envify "^4.1.0"
    lodash "^4.17.4"
    string "^3.3.3"
    uuid "^3.2.1"
    ws "^4.0.0"

"@ciscospark/internal-plugin-metrics@1.29.4":
  version "1.29.4"
  resolved "https://registry.yarnpkg.com/@ciscospark/internal-plugin-metrics/-/internal-plugin-metrics-1.29.4.tgz#63d9fbc5c5ee5e3ddf01d24322989cd42327f830"
  dependencies:
    "@ciscospark/common" "1.29.4"
    "@ciscospark/common-timers" "1.29.4"
    "@ciscospark/internal-plugin-wdm" "1.29.4"
    "@ciscospark/spark-core" "1.29.4"
    babel-runtime "^6.23.0"
    envify "^4.1.0"

"@ciscospark/internal-plugin-wdm@1.29.4":
  version "1.29.4"
  resolved "https://registry.yarnpkg.com/@ciscospark/internal-plugin-wdm/-/internal-plugin-wdm-1.29.4.tgz#faed36608a52d75304064883a56af56f74475ec1"
  dependencies:
    "@ciscospark/common" "1.29.4"
    "@ciscospark/common-timers" "1.29.4"
    "@ciscospark/http-core" "1.29.4"
    "@ciscospark/spark-core" "1.29.4"
    ampersand-collection "^2.0.2"
    ampersand-state "^5.0.2"
    babel-runtime "^6.23.0"
    envify "^4.1.0"
    lodash "^4.17.4"

"@ciscospark/media-engine-webrtc@1.29.4":
  version "1.29.4"
  resolved "https://registry.yarnpkg.com/@ciscospark/media-engine-webrtc/-/media-engine-webrtc-1.29.4.tgz#c00273f2f293e79192873dae64890d36bb99e865"
  dependencies:
    "@ciscospark/common" "1.29.4"
    "@ciscospark/common-evented" "1.29.4"
    ampersand-events "^2.0.2"
    babel-runtime "^6.23.0"
    core-decorators "^0.20.0"
    envify "^4.1.0"
    lodash "^4.17.4"
    lodash-decorators "^4.3.4"
    sdp-transform "^2.4.0"
    webrtc-adapter "^6.1.0"

"@ciscospark/plugin-authorization-browser@1.29.4":
  version "1.29.4"
  resolved "https://registry.yarnpkg.com/@ciscospark/plugin-authorization-browser/-/plugin-authorization-browser-1.29.4.tgz#a6a81f8e4dffe133fbf9e26c8b0dbf57dd4eb601"
  dependencies:
    "@ciscospark/common" "1.29.4"
    "@ciscospark/internal-plugin-wdm" "1.29.4"
    "@ciscospark/spark-core" "1.29.4"
    babel-runtime "^6.23.0"
    envify "^4.1.0"
    lodash "^4.17.4"
    uuid "^3.2.1"

"@ciscospark/plugin-authorization-node@1.29.4":
  version "1.29.4"
  resolved "https://registry.yarnpkg.com/@ciscospark/plugin-authorization-node/-/plugin-authorization-node-1.29.4.tgz#bca19f8d146bdfd4342c5795c9463c856a6870d4"
  dependencies:
    "@ciscospark/common" "1.29.4"
    "@ciscospark/internal-plugin-wdm" "1.29.4"
    "@ciscospark/spark-core" "1.29.4"
    babel-runtime "^6.23.0"
    envify "^4.1.0"

"@ciscospark/plugin-authorization@1.29.4":
  version "1.29.4"
  resolved "https://registry.yarnpkg.com/@ciscospark/plugin-authorization/-/plugin-authorization-1.29.4.tgz#52d1f9b86c0f5343cb2b7af570d0bf317a8e8879"
  dependencies:
    "@ciscospark/plugin-authorization-browser" "1.29.4"
    "@ciscospark/plugin-authorization-node" "1.29.4"
    envify "^4.1.0"

"@ciscospark/plugin-logger@1.29.4":
  version "1.29.4"
  resolved "https://registry.yarnpkg.com/@ciscospark/plugin-logger/-/plugin-logger-1.29.4.tgz#f473861d61f8f84b774f6e835ac35d99774ba52e"
  dependencies:
    "@ciscospark/common" "1.29.4"
    "@ciscospark/spark-core" "1.29.4"
    babel-runtime "^6.23.0"
    envify "^4.1.0"
    lodash "^4.17.4"

"@ciscospark/plugin-memberships@1.29.4":
  version "1.29.4"
  resolved "https://registry.yarnpkg.com/@ciscospark/plugin-memberships/-/plugin-memberships-1.29.4.tgz#eac6824c3499442c161021b0b8ee81b9ba4748e5"
  dependencies:
    "@ciscospark/spark-core" "1.29.4"
    envify "^4.1.0"

"@ciscospark/plugin-messages@1.29.4":
  version "1.29.4"
  resolved "https://registry.yarnpkg.com/@ciscospark/plugin-messages/-/plugin-messages-1.29.4.tgz#c4ef4ac8131b51cd4019e493657c1ed0f0ef38c2"
  dependencies:
    "@ciscospark/spark-core" "1.29.4"
    babel-runtime "^6.23.0"
    envify "^4.1.0"
    lodash "^4.17.4"

"@ciscospark/plugin-people@1.29.4":
  version "1.29.4"
  resolved "https://registry.yarnpkg.com/@ciscospark/plugin-people/-/plugin-people-1.29.4.tgz#3931faa54f84e5f03966ed4d053f1418bd6f4670"
  dependencies:
    "@ciscospark/common" "1.29.4"
    "@ciscospark/spark-core" "1.29.4"
    babel-runtime "^6.23.0"
    envify "^4.1.0"

"@ciscospark/plugin-phone@1.29.4":
  version "1.29.4"
  resolved "https://registry.yarnpkg.com/@ciscospark/plugin-phone/-/plugin-phone-1.29.4.tgz#2f6ed8d131a714b427d6af3dfaade68380b046f3"
  dependencies:
    "@ciscospark/common" "1.29.4"
    "@ciscospark/common-timers" "1.29.4"
    "@ciscospark/internal-plugin-locus" "1.29.4"
    "@ciscospark/internal-plugin-metrics" "1.29.4"
    "@ciscospark/media-engine-webrtc" "1.29.4"
    "@ciscospark/plugin-people" "1.29.4"
    "@ciscospark/spark-core" "1.29.4"
    ampersand-collection "^2.0.2"
    ampersand-collection-lodash-mixin "^4.0.0"
    ampersand-state "^5.0.2"
    babel-runtime "^6.23.0"
    detectrtc "^1.3.4"
    envify "^4.1.0"
    lodash "^4.17.4"
    lodash-decorators "^4.3.4"
    sdp-transform "^2.4.0"
    uuid "^3.2.1"

"@ciscospark/plugin-rooms@1.29.4":
  version "1.29.4"
  resolved "https://registry.yarnpkg.com/@ciscospark/plugin-rooms/-/plugin-rooms-1.29.4.tgz#213c2f32ff1299a194502468c171af815693a2a8"
  dependencies:
    "@ciscospark/spark-core" "1.29.4"
    envify "^4.1.0"

"@ciscospark/plugin-team-memberships@1.29.4":
  version "1.29.4"
  resolved "https://registry.yarnpkg.com/@ciscospark/plugin-team-memberships/-/plugin-team-memberships-1.29.4.tgz#7e18b460aa9e67ae6f318abe3b4b2733d4978aa0"
  dependencies:
    "@ciscospark/spark-core" "1.29.4"
    envify "^4.1.0"

"@ciscospark/plugin-teams@1.29.4":
  version "1.29.4"
  resolved "https://registry.yarnpkg.com/@ciscospark/plugin-teams/-/plugin-teams-1.29.4.tgz#8f7ebb5693f180297763e21d01d1674f41356427"
  dependencies:
    "@ciscospark/spark-core" "1.29.4"
    envify "^4.1.0"

"@ciscospark/plugin-webhooks@1.29.4":
  version "1.29.4"
  resolved "https://registry.yarnpkg.com/@ciscospark/plugin-webhooks/-/plugin-webhooks-1.29.4.tgz#0b3970c99e767c02663be9b160e1a9dd00533ddb"
  dependencies:
    "@ciscospark/spark-core" "1.29.4"
    envify "^4.1.0"

"@ciscospark/spark-core@1.29.4":
  version "1.29.4"
  resolved "https://registry.yarnpkg.com/@ciscospark/spark-core/-/spark-core-1.29.4.tgz#4b3ed30478fa09ce560f74b7b0b50254119cd7f6"
  dependencies:
    "@ciscospark/common" "1.29.4"
    "@ciscospark/common-timers" "1.29.4"
    "@ciscospark/http-core" "1.29.4"
    ampersand-collection "^2.0.2"
    ampersand-events "^2.0.2"
    ampersand-state "^5.0.2"
    babel-runtime "^6.23.0"
    envify "^4.1.0"
    lodash "^4.17.4"
    uuid "^3.2.1"

"@ciscospark/storage-adapter-local-storage@1.29.4":
  version "1.29.4"
  resolved "https://registry.yarnpkg.com/@ciscospark/storage-adapter-local-storage/-/storage-adapter-local-storage-1.29.4.tgz#d1a4c679bf0ffa37489856ad43df05cb4f76a286"
  dependencies:
    "@ciscospark/spark-core" "1.29.4"
    babel-runtime "^6.23.0"
    envify "^4.1.0"

ajv@^5.1.0:
  version "5.5.2"
  resolved "https://registry.yarnpkg.com/ajv/-/ajv-5.5.2.tgz#73b5eeca3fab653e3d3f9422b341ad42205dc965"
  dependencies:
    co "^4.6.0"
    fast-deep-equal "^1.0.0"
    fast-json-stable-stringify "^2.0.0"
    json-schema-traverse "^0.3.0"

ampersand-class-extend@^2.0.0:
  version "2.0.0"
  resolved "https://registry.yarnpkg.com/ampersand-class-extend/-/ampersand-class-extend-2.0.0.tgz#52895ffa59217634a6188fd184b1048f5d808aff"
  dependencies:
    lodash "^4.11.1"

ampersand-collection-lodash-mixin@^4.0.0:
  version "4.0.0"
  resolved "https://registry.yarnpkg.com/ampersand-collection-lodash-mixin/-/ampersand-collection-lodash-mixin-4.0.0.tgz#0ed047a8e73cb070bc36b678a463e382ac8db6dd"
  dependencies:
    ampersand-version "^1.0.0"
    lodash "^4.6.1"

ampersand-collection@^2.0.2:
  version "2.0.2"
  resolved "https://registry.yarnpkg.com/ampersand-collection/-/ampersand-collection-2.0.2.tgz#7e19374f677b9abd1e2e977a784566a8f7b15302"
  dependencies:
    ampersand-class-extend "^2.0.0"
    ampersand-events "^2.0.1"
    ampersand-version "^1.0.2"
    lodash "^4.11.1"

ampersand-events@^2.0.1, ampersand-events@^2.0.2:
  version "2.0.2"
  resolved "https://registry.yarnpkg.com/ampersand-events/-/ampersand-events-2.0.2.tgz#f402bc2e18305fabd995dbdcd3b7057bbdd7d347"
  dependencies:
    ampersand-version "^1.0.2"
    lodash "^4.6.1"

ampersand-state@^5.0.2:
  version "5.0.3"
  resolved "https://registry.yarnpkg.com/ampersand-state/-/ampersand-state-5.0.3.tgz#33402ea604375af64a249f664a0312c1160da475"
  dependencies:
    ampersand-events "^2.0.1"
    ampersand-version "^1.0.0"
    array-next "~0.0.1"
    key-tree-store "^1.3.0"
    lodash "^4.12.0"

ampersand-version@^1.0.0, ampersand-version@^1.0.2:
  version "1.0.2"
  resolved "https://registry.yarnpkg.com/ampersand-version/-/ampersand-version-1.0.2.tgz#ff8f3d4ceac4d32ccd83f6bd6697397f7b59e2c0"
  dependencies:
    find-root "^0.1.1"
    through2 "^0.6.3"

array-next@~0.0.1:
  version "0.0.1"
  resolved "https://registry.yarnpkg.com/array-next/-/array-next-0.0.1.tgz#e5e4660a4c27fda8151ff7764275d00900062be1"

asn1@~0.2.3:
  version "0.2.3"
  resolved "https://registry.yarnpkg.com/asn1/-/asn1-0.2.3.tgz#dac8787713c9966849fc8180777ebe9c1ddf3b86"

assert-plus@1.0.0, assert-plus@^1.0.0:
  version "1.0.0"
  resolved "https://registry.yarnpkg.com/assert-plus/-/assert-plus-1.0.0.tgz#f12e0f3c5d77b0b1cdd9146942e4e96c1e4dd525"

async-limiter@~1.0.0:
  version "1.0.0"
  resolved "https://registry.yarnpkg.com/async-limiter/-/async-limiter-1.0.0.tgz#78faed8c3d074ab81f22b4e985d79e8738f720f8"

asynckit@^0.4.0:
  version "0.4.0"
  resolved "https://registry.yarnpkg.com/asynckit/-/asynckit-0.4.0.tgz#c79ed97f7f34cb8f2ba1bc9790bcc366474b4b79"

aws-sign2@~0.7.0:
  version "0.7.0"
  resolved "https://registry.yarnpkg.com/aws-sign2/-/aws-sign2-0.7.0.tgz#b46e890934a9591f2d2f6f86d7e6a9f1b3fe76a8"

aws4@^1.6.0:
  version "1.6.0"
  resolved "https://registry.yarnpkg.com/aws4/-/aws4-1.6.0.tgz#83ef5ca860b2b32e4a0deedee8c771b9db57471e"

babel-polyfill@^6.23.0:
  version "6.26.0"
  resolved "https://registry.yarnpkg.com/babel-polyfill/-/babel-polyfill-6.26.0.tgz#379937abc67d7895970adc621f284cd966cf2153"
  dependencies:
    babel-runtime "^6.26.0"
    core-js "^2.5.0"
    regenerator-runtime "^0.10.5"

babel-runtime@^6.23.0, babel-runtime@^6.26.0:
  version "6.26.0"
  resolved "https://registry.yarnpkg.com/babel-runtime/-/babel-runtime-6.26.0.tgz#965c7058668e82b55d7bfe04ff2337bc8b5647fe"
  dependencies:
    core-js "^2.4.0"
    regenerator-runtime "^0.11.0"

backoff@^2.5.0:
  version "2.5.0"
  resolved "https://registry.yarnpkg.com/backoff/-/backoff-2.5.0.tgz#f616eda9d3e4b66b8ca7fca79f695722c5f8e26f"
  dependencies:
    precond "0.2"

bcrypt-pbkdf@^1.0.0:
  version "1.0.1"
  resolved "https://registry.yarnpkg.com/bcrypt-pbkdf/-/bcrypt-pbkdf-1.0.1.tgz#63bc5dcb61331b92bc05fd528953c33462a06f8d"
  dependencies:
    tweetnacl "^0.14.3"

boom@4.x.x:
  version "4.3.1"
  resolved "https://registry.yarnpkg.com/boom/-/boom-4.3.1.tgz#4f8a3005cb4a7e3889f749030fd25b96e01d2e31"
  dependencies:
    hoek "4.x.x"

boom@5.x.x:
  version "5.2.0"
  resolved "https://registry.yarnpkg.com/boom/-/boom-5.2.0.tgz#5dd9da6ee3a5f302077436290cb717d3f4a54e02"
  dependencies:
    hoek "4.x.x"

caseless@~0.12.0:
  version "0.12.0"
  resolved "https://registry.yarnpkg.com/caseless/-/caseless-0.12.0.tgz#1b681c21ff84033c826543090689420d187151dc"

ciscospark@^1.29.4:
  version "1.29.4"
  resolved "https://registry.yarnpkg.com/ciscospark/-/ciscospark-1.29.4.tgz#5861aea571fd7c577715a7b254d6dcc277bac9a3"
  dependencies:
    "@ciscospark/internal-plugin-wdm" "1.29.4"
    "@ciscospark/plugin-authorization" "1.29.4"
    "@ciscospark/plugin-logger" "1.29.4"
    "@ciscospark/plugin-memberships" "1.29.4"
    "@ciscospark/plugin-messages" "1.29.4"
    "@ciscospark/plugin-people" "1.29.4"
    "@ciscospark/plugin-phone" "1.29.4"
    "@ciscospark/plugin-rooms" "1.29.4"
    "@ciscospark/plugin-team-memberships" "1.29.4"
    "@ciscospark/plugin-teams" "1.29.4"
    "@ciscospark/plugin-webhooks" "1.29.4"
    "@ciscospark/spark-core" "1.29.4"
    "@ciscospark/storage-adapter-local-storage" "1.29.4"
    babel-polyfill "^6.23.0"
    envify "^4.1.0"
    lodash "^4.17.4"

co@^4.6.0:
  version "4.6.0"
  resolved "https://registry.yarnpkg.com/co/-/co-4.6.0.tgz#6ea6bdf3d853ae54ccb8e47bfa0bf3f9031fb184"

combined-stream@1.0.6, combined-stream@~1.0.5:
  version "1.0.6"
  resolved "https://registry.yarnpkg.com/combined-stream/-/combined-stream-1.0.6.tgz#723e7df6e801ac5613113a7e445a9b69cb632818"
  dependencies:
    delayed-stream "~1.0.0"

component-emitter@^1.2.0:
  version "1.2.1"
  resolved "https://registry.yarnpkg.com/component-emitter/-/component-emitter-1.2.1.tgz#137918d6d78283f7df7a6b7c5a63e140e69425e6"

cookiejar@^2.1.0:
  version "2.1.1"
  resolved "https://registry.yarnpkg.com/cookiejar/-/cookiejar-2.1.1.tgz#41ad57b1b555951ec171412a81942b1e8200d34a"

core-decorators@^0.20.0:
  version "0.20.0"
  resolved "https://registry.yarnpkg.com/core-decorators/-/core-decorators-0.20.0.tgz#605896624053af8c28efbe735c25a301a61c65c5"

core-js@^2.4.0, core-js@^2.5.0:
  version "2.5.3"
  resolved "https://registry.yarnpkg.com/core-js/-/core-js-2.5.3.tgz#8acc38345824f16d8365b7c9b4259168e8ed603e"

core-util-is@1.0.2, core-util-is@~1.0.0:
  version "1.0.2"
  resolved "https://registry.yarnpkg.com/core-util-is/-/core-util-is-1.0.2.tgz#b5fd54220aa2bc5ab57aab7140c940754503c1a7"

cryptiles@3.x.x:
  version "3.1.2"
  resolved "https://registry.yarnpkg.com/cryptiles/-/cryptiles-3.1.2.tgz#a89fbb220f5ce25ec56e8c4aa8a4fd7b5b0d29fe"
  dependencies:
    boom "5.x.x"

dashdash@^1.12.0:
  version "1.14.1"
  resolved "https://registry.yarnpkg.com/dashdash/-/dashdash-1.14.1.tgz#853cfa0f7cbe2fed5de20326b8dd581035f6e2f0"
  dependencies:
    assert-plus "^1.0.0"

debug@^3.1.0:
  version "3.1.0"
  resolved "https://registry.yarnpkg.com/debug/-/debug-3.1.0.tgz#5bb5a0672628b64149566ba16819e61518c67261"
  dependencies:
    ms "2.0.0"

delayed-stream@~1.0.0:
  version "1.0.0"
  resolved "https://registry.yarnpkg.com/delayed-stream/-/delayed-stream-1.0.0.tgz#df3ae199acadfb7d440aaae0b29e2272b24ec619"

detectrtc@^1.3.4:
  version "1.3.5"
  resolved "https://registry.yarnpkg.com/detectrtc/-/detectrtc-1.3.5.tgz#a6de3e2b434edcced96be41d99f6b3a9cf010049"

dom-walk@^0.1.0:
  version "0.1.1"
  resolved "https://registry.yarnpkg.com/dom-walk/-/dom-walk-0.1.1.tgz#672226dc74c8f799ad35307df936aba11acd6018"

dotenv@^5.0.1:
  version "5.0.1"
  resolved "https://registry.yarnpkg.com/dotenv/-/dotenv-5.0.1.tgz#a5317459bd3d79ab88cff6e44057a6a3fbb1fcef"

ecc-jsbn@~0.1.1:
  version "0.1.1"
  resolved "https://registry.yarnpkg.com/ecc-jsbn/-/ecc-jsbn-0.1.1.tgz#0fc73a9ed5f0d53c38193398523ef7e543777505"
  dependencies:
    jsbn "~0.1.0"

envify@^4.1.0:
  version "4.1.0"
  resolved "https://registry.yarnpkg.com/envify/-/envify-4.1.0.tgz#f39ad3db9d6801b4e6b478b61028d3f0b6819f7e"
  dependencies:
    esprima "^4.0.0"
    through "~2.3.4"

esprima@^4.0.0:
  version "4.0.0"
  resolved "https://registry.yarnpkg.com/esprima/-/esprima-4.0.0.tgz#4499eddcd1110e0b218bacf2fa7f7f59f55ca804"

extend@^3.0.0, extend@~3.0.1:
  version "3.0.1"
  resolved "https://registry.yarnpkg.com/extend/-/extend-3.0.1.tgz#a755ea7bc1adfcc5a31ce7e762dbaadc5e636444"

extsprintf@1.3.0:
  version "1.3.0"
  resolved "https://registry.yarnpkg.com/extsprintf/-/extsprintf-1.3.0.tgz#96918440e3041a7a414f8c52e3c574eb3c3e1e05"

extsprintf@^1.2.0:
  version "1.4.0"
  resolved "https://registry.yarnpkg.com/extsprintf/-/extsprintf-1.4.0.tgz#e2689f8f356fad62cca65a3a91c5df5f9551692f"

fast-deep-equal@^1.0.0:
  version "1.1.0"
  resolved "https://registry.yarnpkg.com/fast-deep-equal/-/fast-deep-equal-1.1.0.tgz#c053477817c86b51daa853c81e059b733d023614"

fast-json-stable-stringify@^2.0.0:
  version "2.0.0"
  resolved "https://registry.yarnpkg.com/fast-json-stable-stringify/-/fast-json-stable-stringify-2.0.0.tgz#d5142c0caee6b1189f87d3a76111064f86c8bbf2"

file-type@^3.9.0:
  version "3.9.0"
  resolved "https://registry.yarnpkg.com/file-type/-/file-type-3.9.0.tgz#257a078384d1db8087bc449d107d52a52672b9e9"

find-root@^0.1.1:
  version "0.1.2"
  resolved "https://registry.yarnpkg.com/find-root/-/find-root-0.1.2.tgz#98d2267cff1916ccaf2743b3a0eea81d79d7dcd1"

for-each@^0.3.2:
  version "0.3.2"
  resolved "https://registry.yarnpkg.com/for-each/-/for-each-0.3.2.tgz#2c40450b9348e97f281322593ba96704b9abd4d4"
  dependencies:
    is-function "~1.0.0"

forever-agent@~0.6.1:
  version "0.6.1"
  resolved "https://registry.yarnpkg.com/forever-agent/-/forever-agent-0.6.1.tgz#fbc71f0c41adeb37f96c577ad1ed42d8fdacca91"

form-data@^2.3.1, form-data@~2.3.1:
  version "2.3.2"
  resolved "https://registry.yarnpkg.com/form-data/-/form-data-2.3.2.tgz#4970498be604c20c005d4f5c23aecd21d6b49099"
  dependencies:
    asynckit "^0.4.0"
    combined-stream "1.0.6"
    mime-types "^2.1.12"

formidable@^1.1.1:
  version "1.2.0"
  resolved "https://registry.yarnpkg.com/formidable/-/formidable-1.2.0.tgz#ce291bfec67c176e282f891ece2c37de0c83ae84"

getpass@^0.1.1:
  version "0.1.7"
  resolved "https://registry.yarnpkg.com/getpass/-/getpass-0.1.7.tgz#5eff8e3e684d569ae4cb2b1282604e8ba62149fa"
  dependencies:
    assert-plus "^1.0.0"

global@^4.3.1:
  version "4.3.2"
  resolved "https://registry.yarnpkg.com/global/-/global-4.3.2.tgz#e76989268a6c74c38908b1305b10fc0e394e9d0f"
  dependencies:
    min-document "^2.19.0"
    process "~0.5.1"

har-schema@^2.0.0:
  version "2.0.0"
  resolved "https://registry.yarnpkg.com/har-schema/-/har-schema-2.0.0.tgz#a94c2224ebcac04782a0d9035521f24735b7ec92"

har-validator@~5.0.3:
  version "5.0.3"
  resolved "https://registry.yarnpkg.com/har-validator/-/har-validator-5.0.3.tgz#ba402c266194f15956ef15e0fcf242993f6a7dfd"
  dependencies:
    ajv "^5.1.0"
    har-schema "^2.0.0"

hawk@~6.0.2:
  version "6.0.2"
  resolved "https://registry.yarnpkg.com/hawk/-/hawk-6.0.2.tgz#af4d914eb065f9b5ce4d9d11c1cb2126eecc3038"
  dependencies:
    boom "4.x.x"
    cryptiles "3.x.x"
    hoek "4.x.x"
    sntp "2.x.x"

hoek@4.x.x:
  version "4.2.1"
  resolved "https://registry.yarnpkg.com/hoek/-/hoek-4.2.1.tgz#9634502aa12c445dd5a7c5734b572bb8738aacbb"

http-signature@~1.2.0:
  version "1.2.0"
  resolved "https://registry.yarnpkg.com/http-signature/-/http-signature-1.2.0.tgz#9aecd925114772f3d95b65a60abb8f7c18fbace1"
  dependencies:
    assert-plus "^1.0.0"
    jsprim "^1.2.2"
    sshpk "^1.7.0"

inherits@~2.0.1, inherits@~2.0.3:
  version "2.0.3"
  resolved "https://registry.yarnpkg.com/inherits/-/inherits-2.0.3.tgz#633c2c83e3da42a502f52466022480f4208261de"

is-function@^1.0.1, is-function@~1.0.0:
  version "1.0.1"
  resolved "https://registry.yarnpkg.com/is-function/-/is-function-1.0.1.tgz#12cfb98b65b57dd3d193a3121f5f6e2f437602b5"

is-typedarray@~1.0.0:
  version "1.0.0"
  resolved "https://registry.yarnpkg.com/is-typedarray/-/is-typedarray-1.0.0.tgz#e479c80858df0c1b11ddda6940f96011fcda4a9a"

isarray@0.0.1:
  version "0.0.1"
  resolved "https://registry.yarnpkg.com/isarray/-/isarray-0.0.1.tgz#8a18acfca9a8f4177e09abfc6038939b05d1eedf"

isarray@~1.0.0:
  version "1.0.0"
  resolved "https://registry.yarnpkg.com/isarray/-/isarray-1.0.0.tgz#bb935d48582cba168c06834957a54a3e07124f11"

isstream@~0.1.2:
  version "0.1.2"
  resolved "https://registry.yarnpkg.com/isstream/-/isstream-0.1.2.tgz#47e63f7af55afa6f92e1500e690eb8b8529c099a"

jsbn@~0.1.0:
  version "0.1.1"
  resolved "https://registry.yarnpkg.com/jsbn/-/jsbn-0.1.1.tgz#a5e654c2e5a2deb5f201d96cefbca80c0ef2f513"

json-schema-traverse@^0.3.0:
  version "0.3.1"
  resolved "https://registry.yarnpkg.com/json-schema-traverse/-/json-schema-traverse-0.3.1.tgz#349a6d44c53a51de89b40805c5d5e59b417d3340"

json-schema@0.2.3:
  version "0.2.3"
  resolved "https://registry.yarnpkg.com/json-schema/-/json-schema-0.2.3.tgz#b480c892e59a2f05954ce727bd3f2a4e882f9e13"

json-stringify-safe@~5.0.1:
  version "5.0.1"
  resolved "https://registry.yarnpkg.com/json-stringify-safe/-/json-stringify-safe-5.0.1.tgz#1296a2d58fd45f19a0f6ce01d65701e2c735b6eb"

jsprim@^1.2.2:
  version "1.4.1"
  resolved "https://registry.yarnpkg.com/jsprim/-/jsprim-1.4.1.tgz#313e66bc1e5cc06e438bc1b7499c2e5c56acb6a2"
  dependencies:
    assert-plus "1.0.0"
    extsprintf "1.3.0"
    json-schema "0.2.3"
    verror "1.10.0"

key-tree-store@^1.3.0:
  version "1.3.0"
  resolved "https://registry.yarnpkg.com/key-tree-store/-/key-tree-store-1.3.0.tgz#5ea29afc2529a425938437d6955b714ce6a9791f"

lodash-decorators@^4.3.4:
  version "4.5.0"
  resolved "https://registry.yarnpkg.com/lodash-decorators/-/lodash-decorators-4.5.0.tgz#a4bb63dfbb512f0dd9409f7af452e4e2edcb80f4"
  dependencies:
    tslib "^1.7.1"

lodash@^4.11.1, lodash@^4.12.0, lodash@^4.17.4, lodash@^4.6.1:
  version "4.17.5"
  resolved "https://registry.yarnpkg.com/lodash/-/lodash-4.17.5.tgz#99a92d65c0272debe8c96b6057bc8fbfa3bed511"

methods@^1.1.1:
  version "1.1.2"
  resolved "https://registry.yarnpkg.com/methods/-/methods-1.1.2.tgz#5529a4d67654134edcc5266656835b0f851afcee"

mime-db@~1.33.0:
  version "1.33.0"
  resolved "https://registry.yarnpkg.com/mime-db/-/mime-db-1.33.0.tgz#a3492050a5cb9b63450541e39d9788d2272783db"

mime-types@^2.1.12, mime-types@~2.1.17:
  version "2.1.18"
  resolved "https://registry.yarnpkg.com/mime-types/-/mime-types-2.1.18.tgz#6f323f60a83d11146f831ff11fd66e2fe5503bb8"
  dependencies:
    mime-db "~1.33.0"

mime@^1.4.1:
  version "1.6.0"
  resolved "https://registry.yarnpkg.com/mime/-/mime-1.6.0.tgz#32cd9e5c64553bd58d19a568af452acff04981b1"

min-document@^2.19.0:
  version "2.19.0"
  resolved "https://registry.yarnpkg.com/min-document/-/min-document-2.19.0.tgz#7bd282e3f5842ed295bb748cdd9f1ffa2c824685"
  dependencies:
    dom-walk "^0.1.0"

ms@2.0.0:
  version "2.0.0"
  resolved "https://registry.yarnpkg.com/ms/-/ms-2.0.0.tgz#5608aeadfc00be6c2901df5f9861788de0d597c8"

oauth-sign@~0.8.2:
  version "0.8.2"
  resolved "https://registry.yarnpkg.com/oauth-sign/-/oauth-sign-0.8.2.tgz#46a6ab7f0aead8deae9ec0565780b7d4efeb9d43"

parse-headers@^2.0.1:
  version "2.0.1"
  resolved "https://registry.yarnpkg.com/parse-headers/-/parse-headers-2.0.1.tgz#6ae83a7aa25a9d9b700acc28698cd1f1ed7e9536"
  dependencies:
    for-each "^0.3.2"
    trim "0.0.1"

performance-now@^2.1.0:
  version "2.1.0"
  resolved "https://registry.yarnpkg.com/performance-now/-/performance-now-2.1.0.tgz#6309f4e0e5fa913ec1c69307ae364b4b377c9e7b"

precond@0.2:
  version "0.2.3"
  resolved "https://registry.yarnpkg.com/precond/-/precond-0.2.3.tgz#aa9591bcaa24923f1e0f4849d240f47efc1075ac"

process-nextick-args@~2.0.0:
  version "2.0.0"
  resolved "https://registry.yarnpkg.com/process-nextick-args/-/process-nextick-args-2.0.0.tgz#a37d732f4271b4ab1ad070d35508e8290788ffaa"

process@~0.5.1:
  version "0.5.2"
  resolved "https://registry.yarnpkg.com/process/-/process-0.5.2.tgz#1638d8a8e34c2f440a91db95ab9aeb677fc185cf"

punycode@^1.4.1:
  version "1.4.1"
  resolved "https://registry.yarnpkg.com/punycode/-/punycode-1.4.1.tgz#c0d5a63b2718800ad8e1eb0fa5269c84dd41845e"

qs@^6.5.1, qs@~6.5.1:
  version "6.5.1"
  resolved "https://registry.yarnpkg.com/qs/-/qs-6.5.1.tgz#349cdf6eef89ec45c12d7d5eb3fc0c870343a6d8"

"readable-stream@>=1.0.33-1 <1.1.0-0":
  version "1.0.34"
  resolved "https://registry.yarnpkg.com/readable-stream/-/readable-stream-1.0.34.tgz#125820e34bc842d2f2aaafafe4c2916ee32c157c"
  dependencies:
    core-util-is "~1.0.0"
    inherits "~2.0.1"
    isarray "0.0.1"
    string_decoder "~0.10.x"

readable-stream@^2.0.5:
  version "2.3.5"
  resolved "https://registry.yarnpkg.com/readable-stream/-/readable-stream-2.3.5.tgz#b4f85003a938cbb6ecbce2a124fb1012bd1a838d"
  dependencies:
    core-util-is "~1.0.0"
    inherits "~2.0.3"
    isarray "~1.0.0"
    process-nextick-args "~2.0.0"
    safe-buffer "~5.1.1"
    string_decoder "~1.0.3"
    util-deprecate "~1.0.1"

regenerator-runtime@^0.10.5:
  version "0.10.5"
  resolved "https://registry.yarnpkg.com/regenerator-runtime/-/regenerator-runtime-0.10.5.tgz#336c3efc1220adcedda2c9fab67b5a7955a33658"

regenerator-runtime@^0.11.0:
  version "0.11.1"
  resolved "https://registry.yarnpkg.com/regenerator-runtime/-/regenerator-runtime-0.11.1.tgz#be05ad7f9bf7d22e056f9726cee5017fbf19e2e9"

request@^2.81.0:
  version "2.85.0"
  resolved "https://registry.yarnpkg.com/request/-/request-2.85.0.tgz#5a03615a47c61420b3eb99b7dba204f83603e1fa"
  dependencies:
    aws-sign2 "~0.7.0"
    aws4 "^1.6.0"
    caseless "~0.12.0"
    combined-stream "~1.0.5"
    extend "~3.0.1"
    forever-agent "~0.6.1"
    form-data "~2.3.1"
    har-validator "~5.0.3"
    hawk "~6.0.2"
    http-signature "~1.2.0"
    is-typedarray "~1.0.0"
    isstream "~0.1.2"
    json-stringify-safe "~5.0.1"
    mime-types "~2.1.17"
    oauth-sign "~0.8.2"
    performance-now "^2.1.0"
    qs "~6.5.1"
    safe-buffer "^5.1.1"
    stringstream "~0.0.5"
    tough-cookie "~2.3.3"
    tunnel-agent "^0.6.0"
    uuid "^3.1.0"

rtcpeerconnection-shim@^1.2.9:
  version "1.2.9"
  resolved "https://registry.yarnpkg.com/rtcpeerconnection-shim/-/rtcpeerconnection-shim-1.2.9.tgz#612bd7a63f4d9a76d6064e3963028fee62b67378"
  dependencies:
    sdp "^2.6.0"

safe-buffer@^5.0.1, safe-buffer@^5.1.1, safe-buffer@~5.1.0, safe-buffer@~5.1.1:
  version "5.1.1"
  resolved "https://registry.yarnpkg.com/safe-buffer/-/safe-buffer-5.1.1.tgz#893312af69b2123def71f57889001671eeb2c853"

sdp-transform@^2.4.0:
  version "2.4.0"
  resolved "https://registry.yarnpkg.com/sdp-transform/-/sdp-transform-2.4.0.tgz#d816663c5d1b2972e42524c7a1570558d8a2f17d"

sdp@^2.6.0, sdp@^2.7.0:
  version "2.7.0"
  resolved "https://registry.yarnpkg.com/sdp/-/sdp-2.7.0.tgz#02b64ea0c29d73179afa19794e466b123b1b29f3"

sntp@2.x.x:
  version "2.1.0"
  resolved "https://registry.yarnpkg.com/sntp/-/sntp-2.1.0.tgz#2c6cec14fedc2222739caf9b5c3d85d1cc5a2cc8"
  dependencies:
    hoek "4.x.x"

sshpk@^1.7.0:
  version "1.14.1"
  resolved "https://registry.yarnpkg.com/sshpk/-/sshpk-1.14.1.tgz#130f5975eddad963f1d56f92b9ac6c51fa9f83eb"
  dependencies:
    asn1 "~0.2.3"
    assert-plus "^1.0.0"
    dashdash "^1.12.0"
    getpass "^0.1.1"
  optionalDependencies:
    bcrypt-pbkdf "^1.0.0"
    ecc-jsbn "~0.1.1"
    jsbn "~0.1.0"
    tweetnacl "~0.14.0"

string@^3.3.3:
  version "3.3.3"
  resolved "https://registry.yarnpkg.com/string/-/string-3.3.3.tgz#5ea211cd92d228e184294990a6cc97b366a77cb0"

string_decoder@~0.10.x:
  version "0.10.31"
  resolved "https://registry.yarnpkg.com/string_decoder/-/string_decoder-0.10.31.tgz#62e203bc41766c6c28c9fc84301dab1c5310fa94"

string_decoder@~1.0.3:
  version "1.0.3"
  resolved "https://registry.yarnpkg.com/string_decoder/-/string_decoder-1.0.3.tgz#0fc67d7c141825de94282dd536bec6b9bce860ab"
  dependencies:
    safe-buffer "~5.1.0"

stringstream@~0.0.5:
  version "0.0.5"
  resolved "https://registry.yarnpkg.com/stringstream/-/stringstream-0.0.5.tgz#4e484cd4de5a0bbbee18e46307710a8a81621878"

superagent@^3.8.2:
  version "3.8.2"
  resolved "https://registry.yarnpkg.com/superagent/-/superagent-3.8.2.tgz#e4a11b9d047f7d3efeb3bbe536d9ec0021d16403"
  dependencies:
    component-emitter "^1.2.0"
    cookiejar "^2.1.0"
    debug "^3.1.0"
    extend "^3.0.0"
    form-data "^2.3.1"
    formidable "^1.1.1"
    methods "^1.1.1"
    mime "^1.4.1"
    qs "^6.5.1"
    readable-stream "^2.0.5"

through2@^0.6.3:
  version "0.6.5"
  resolved "https://registry.yarnpkg.com/through2/-/through2-0.6.5.tgz#41ab9c67b29d57209071410e1d7a7a968cd3ad48"
  dependencies:
    readable-stream ">=1.0.33-1 <1.1.0-0"
    xtend ">=4.0.0 <4.1.0-0"

through@~2.3.4:
  version "2.3.8"
  resolved "https://registry.yarnpkg.com/through/-/through-2.3.8.tgz#0dd4c9ffaabc357960b1b724115d7e0e86a2e1f5"

tough-cookie@~2.3.3:
  version "2.3.4"
  resolved "https://registry.yarnpkg.com/tough-cookie/-/tough-cookie-2.3.4.tgz#ec60cee38ac675063ffc97a5c18970578ee83655"
  dependencies:
    punycode "^1.4.1"

trim@0.0.1:
  version "0.0.1"
  resolved "https://registry.yarnpkg.com/trim/-/trim-0.0.1.tgz#5858547f6b290757ee95cccc666fb50084c460dd"

tslib@^1.7.1:
  version "1.9.0"
  resolved "https://registry.yarnpkg.com/tslib/-/tslib-1.9.0.tgz#e37a86fda8cbbaf23a057f473c9f4dc64e5fc2e8"

tunnel-agent@^0.6.0:
  version "0.6.0"
  resolved "https://registry.yarnpkg.com/tunnel-agent/-/tunnel-agent-0.6.0.tgz#27a5dea06b36b04a0a9966774b290868f0fc40fd"
  dependencies:
    safe-buffer "^5.0.1"

tweetnacl@^0.14.3, tweetnacl@~0.14.0:
  version "0.14.5"
  resolved "https://registry.yarnpkg.com/tweetnacl/-/tweetnacl-0.14.5.tgz#5ae68177f192d4456269d108afa93ff8743f4f64"

urlsafe-base64@^1.0.0:
  version "1.0.0"
  resolved "https://registry.yarnpkg.com/urlsafe-base64/-/urlsafe-base64-1.0.0.tgz#23f89069a6c62f46cf3a1d3b00169cefb90be0c6"

util-deprecate@~1.0.1:
  version "1.0.2"
  resolved "https://registry.yarnpkg.com/util-deprecate/-/util-deprecate-1.0.2.tgz#450d4dc9fa70de732762fbd2d4a28981419a0ccf"

uuid@^3.1.0, uuid@^3.2.1:
  version "3.2.1"
  resolved "https://registry.yarnpkg.com/uuid/-/uuid-3.2.1.tgz#12c528bb9d58d0b9265d9a2f6f0fe8be17ff1f14"

verror@1.10.0:
  version "1.10.0"
  resolved "https://registry.yarnpkg.com/verror/-/verror-1.10.0.tgz#3a105ca17053af55d6e270c1f8288682e18da400"
  dependencies:
    assert-plus "^1.0.0"
    core-util-is "1.0.2"
    extsprintf "^1.2.0"

webrtc-adapter@^6.1.0:
  version "6.1.4"
  resolved "https://registry.yarnpkg.com/webrtc-adapter/-/webrtc-adapter-6.1.4.tgz#6fb13589fd29c1a1061b80cf86f6f2b1a0c45431"
  dependencies:
    rtcpeerconnection-shim "^1.2.9"
    sdp "^2.7.0"

ws@^4.0.0:
  version "4.1.0"
  resolved "https://registry.yarnpkg.com/ws/-/ws-4.1.0.tgz#a979b5d7d4da68bf54efe0408967c324869a7289"
  dependencies:
    async-limiter "~1.0.0"
    safe-buffer "~5.1.0"

"xtend@>=4.0.0 <4.1.0-0", xtend@^4.0.1:
  version "4.0.1"
  resolved "https://registry.yarnpkg.com/xtend/-/xtend-4.0.1.tgz#a5c6d532be656e23db820efb943a1f04998d63af"
